# This file was autogenerated by Stack.
# You should not edit this file by hand.
# For more information, please see the documentation at:
#   https://docs.haskellstack.org/en/stable/lock_files

packages:
- completed:
    hackage: eigen-3.3.7.0@sha256:7c24a86426b238e02ba0ac2179cc44997518b443a13828ed7a791fe49a6dffa5,82060
    pantry-tree:
      size: 134519
      sha256: 042516ec824cdbc2157a0bec7651a853cc3b074814db7de41b9a9375e5ff460d
  original:
    hackage: eigen-3.3.7.0@sha256:7c24a86426b238e02ba0ac2179cc44997518b443a13828ed7a791fe49a6dffa5,82060
- completed:
    hackage: binary-0.8.5.1@sha256:5d263bfdeb4943f3a492177c98b51e5ef2327e728fcbb579b40e6d70e2c7c368,5994
    pantry-tree:
      size: 1915
      sha256: 3ae53cb18b0922e9b6e733fe8ddc6a7e9175dc3228899a17c416d64e32af5481
  original:
    hackage: binary-0.8.5.1@sha256:5d263bfdeb4943f3a492177c98b51e5ef2327e728fcbb579b40e6d70e2c7c368,5994
- completed:
    hackage: text-1.2.4.0@sha256:8c24450feb8e3bbb7ea3e17af24ef57e85db077c4bf53e5bcc345b283d1b1d5b,10081
    pantry-tree:
      size: 7457
      sha256: 3437b0a73ce2ae1a81aa8b3438d41a85981c00894cdbee0d6d6d6873046a5d5d
  original:
    hackage: text-1.2.4.0@sha256:8c24450feb8e3bbb7ea3e17af24ef57e85db077c4bf53e5bcc345b283d1b1d5b,10081
- completed:
    size: 35169
    url: https://github.com/Ehtycs/haskell-gmsh/archive/935b419bdc1ba5ee4ad44ec0674279da1f6dfe60.tar.gz
    cabal-file:
      size: 936
      sha256: a7478d062bb7ce7b4cf17ea004c7602102b349dcf9b1bcc1f2872c6e10552ae6
    name: haskell-gmsh
    version: 0.1.0.0
    sha256: f8afacd52b14501a323625ebc7332fbb21b6a58ecb9732757166593c2ab4fe33
    pantry-tree:
      size: 554
      sha256: d20c0e3e43766af94be7564f47caca80da883865aac6e256f224aa76e7588696
  original:
    url: https://github.com/Ehtycs/haskell-gmsh/archive/935b419bdc1ba5ee4ad44ec0674279da1f6dfe60.tar.gz
snapshots:
- completed:
    size: 545658
    url: https://raw.githubusercontent.com/commercialhaskell/stackage-snapshots/master/lts/14/12.yaml
    sha256: 26b807457213126d26b595439d705dc824dbb7618b0de6b900adc2bf6a059406
  original: lts-14.12
